
Microsoft Visual Studio Solution File, Format Version 12.00
# Visual Studio Version 17
VisualStudioVersion = 17.0.32014.148
MinimumVisualStudioVersion = 10.0.40219.1
Project("{FAE04EC0-301F-11D3-BF4B-00C04F79EFBC}") = "BankTimeNET", "BankTimeNET.csproj", "{AC9F0A30-4C8B-4B18-9AFE-734F35D26EC4}"
EndProject
Global
	GlobalSection(SolutionConfigurationPlatforms) = preSolution
		Debug|Any CPU = Debug|Any CPU
		Release|Any CPU = Release|Any CPU
	EndGlobalSection
	GlobalSection(ProjectConfigurationPlatforms) = postSolution
		{AC9F0A30-4C8B-4B18-9AFE-734F35D26EC4}.Debug|Any CPU.ActiveCfg = Debug|Any CPU
		{AC9F0A30-4C8B-4B18-9AFE-734F35D26EC4}.Debug|Any CPU.Build.0 = Debug|Any CPU
		{AC9F0A30-4C8B-4B18-9AFE-734F35D26EC4}.Release|Any CPU.ActiveCfg = Release|Any CPU
		{AC9F0A30-4C8B-4B18-9AFE-734F35D26EC4}.Release|Any CPU.Build.0 = Release|Any CPU
	EndGlobalSection
	GlobalSection(SolutionProperties) = preSolution
		HideSolutionNode = FALSE
	EndGlobalSection
	GlobalSection(ExtensibilityGlobals) = postSolution
		SolutionGuid = {8983E7BC-484D-4BEE-8BD0-079487D6F2C7}
	EndGlobalSection
EndGlobal
